
Microsoft Visual Studio Solution File, Format Version 12.00
# Visual Studio Version 16
VisualStudioVersion = 16.0.30804.86
MinimumVisualStudioVersion = 10.0.40219.1
Project("{FAE04EC0-301F-11D3-BF4B-00C04F79EFBC}") = "PathManagerCustomAction", "PathManagerCustomAction\PathManagerCustomAction.csproj", "{07E77F4A-A37F-4DE3-A484-24C06DCEB9C6}"
EndProject
Project("{2150E333-8FDC-42A3-9474-1A3956D46DE8}") = "Solution Items", "Solution Items", "{2EA65513-5804-451E-80C2-FE94FD3E51C6}"
	ProjectSection(SolutionItems) = preProject
		LICENSE.txt = LICENSE.txt
		README.txt = README.txt
	EndProjectSection
EndProject
Project("{54435603-DBB4-11D2-8724-00A0C9A8B90C}") = "Installer", "IP2Geoloc-Installer\IP2Geoloc-Installer.vdproj", "{54FC0FAF-53C5-4C74-BC6F-7B534528846D}"
EndProject
Project("{2150E333-8FDC-42A3-9474-1A3956D46DE8}") = "Deployment", "Deployment", "{2B4C93B8-07B8-485C-BA84-F938473C5E8B}"
EndProject
Project("{2150E333-8FDC-42A3-9474-1A3956D46DE8}") = "Core", "Core", "{D06E1762-C260-45E0-B53D-B06C153E27E2}"
EndProject
Project("{8BC9CEB8-8B4A-11D0-8D11-00A0C91BC942}") = "Tests", "IP2Geoloc-Tests\Tool-Tests.vcxproj", "{80D53BF5-6827-469D-B5FB-23E3EC78DF29}"
EndProject
Project("{8BC9CEB8-8B4A-11D0-8D11-00A0C91BC942}") = "IP2Geoloc", "IP2Geoloc\IP2Geoloc.vcxproj", "{35316D49-2EA9-43AC-9DEF-343EDD9BD175}"
EndProject
Global
	GlobalSection(SolutionConfigurationPlatforms) = preSolution
		Debug|x64 = Debug|x64
		Debug|x86 = Debug|x86
		Release|x64 = Release|x64
		Release|x86 = Release|x86
	EndGlobalSection
	GlobalSection(ProjectConfigurationPlatforms) = postSolution
		{07E77F4A-A37F-4DE3-A484-24C06DCEB9C6}.Debug|x64.ActiveCfg = Debug|Any CPU
		{07E77F4A-A37F-4DE3-A484-24C06DCEB9C6}.Debug|x64.Build.0 = Debug|Any CPU
		{07E77F4A-A37F-4DE3-A484-24C06DCEB9C6}.Debug|x86.ActiveCfg = Debug|Any CPU
		{07E77F4A-A37F-4DE3-A484-24C06DCEB9C6}.Debug|x86.Build.0 = Debug|Any CPU
		{07E77F4A-A37F-4DE3-A484-24C06DCEB9C6}.Release|x64.ActiveCfg = Release|Any CPU
		{07E77F4A-A37F-4DE3-A484-24C06DCEB9C6}.Release|x64.Build.0 = Release|Any CPU
		{07E77F4A-A37F-4DE3-A484-24C06DCEB9C6}.Release|x86.ActiveCfg = Release|Any CPU
		{07E77F4A-A37F-4DE3-A484-24C06DCEB9C6}.Release|x86.Build.0 = Release|Any CPU
		{54FC0FAF-53C5-4C74-BC6F-7B534528846D}.Debug|x64.ActiveCfg = Release
		{54FC0FAF-53C5-4C74-BC6F-7B534528846D}.Debug|x86.ActiveCfg = Release
		{54FC0FAF-53C5-4C74-BC6F-7B534528846D}.Release|x64.ActiveCfg = Release
		{54FC0FAF-53C5-4C74-BC6F-7B534528846D}.Release|x64.Build.0 = Release
		{54FC0FAF-53C5-4C74-BC6F-7B534528846D}.Release|x86.ActiveCfg = Release
		{54FC0FAF-53C5-4C74-BC6F-7B534528846D}.Release|x86.Build.0 = Release
		{80D53BF5-6827-469D-B5FB-23E3EC78DF29}.Debug|x64.ActiveCfg = Debug|x64
		{80D53BF5-6827-469D-B5FB-23E3EC78DF29}.Debug|x64.Build.0 = Debug|x64
		{80D53BF5-6827-469D-B5FB-23E3EC78DF29}.Debug|x86.ActiveCfg = Debug|Win32
		{80D53BF5-6827-469D-B5FB-23E3EC78DF29}.Debug|x86.Build.0 = Debug|Win32
		{80D53BF5-6827-469D-B5FB-23E3EC78DF29}.Release|x64.ActiveCfg = Debug|x64
		{80D53BF5-6827-469D-B5FB-23E3EC78DF29}.Release|x64.Build.0 = Debug|x64
		{80D53BF5-6827-469D-B5FB-23E3EC78DF29}.Release|x86.ActiveCfg = Debug|Win32
		{80D53BF5-6827-469D-B5FB-23E3EC78DF29}.Release|x86.Build.0 = Debug|Win32
		{35316D49-2EA9-43AC-9DEF-343EDD9BD175}.Debug|x64.ActiveCfg = Debug|x64
		{35316D49-2EA9-43AC-9DEF-343EDD9BD175}.Debug|x64.Build.0 = Debug|x64
		{35316D49-2EA9-43AC-9DEF-343EDD9BD175}.Debug|x86.ActiveCfg = Debug|Win32
		{35316D49-2EA9-43AC-9DEF-343EDD9BD175}.Debug|x86.Build.0 = Debug|Win32
		{35316D49-2EA9-43AC-9DEF-343EDD9BD175}.Release|x64.ActiveCfg = Release|x64
		{35316D49-2EA9-43AC-9DEF-343EDD9BD175}.Release|x64.Build.0 = Release|x64
		{35316D49-2EA9-43AC-9DEF-343EDD9BD175}.Release|x86.ActiveCfg = Release|Win32
		{35316D49-2EA9-43AC-9DEF-343EDD9BD175}.Release|x86.Build.0 = Release|Win32
	EndGlobalSection
	GlobalSection(SolutionProperties) = preSolution
		HideSolutionNode = FALSE
	EndGlobalSection
	GlobalSection(NestedProjects) = preSolution
		{07E77F4A-A37F-4DE3-A484-24C06DCEB9C6} = {2B4C93B8-07B8-485C-BA84-F938473C5E8B}
		{54FC0FAF-53C5-4C74-BC6F-7B534528846D} = {2B4C93B8-07B8-485C-BA84-F938473C5E8B}
		{80D53BF5-6827-469D-B5FB-23E3EC78DF29} = {D06E1762-C260-45E0-B53D-B06C153E27E2}
		{35316D49-2EA9-43AC-9DEF-343EDD9BD175} = {D06E1762-C260-45E0-B53D-B06C153E27E2}
	EndGlobalSection
	GlobalSection(ExtensibilityGlobals) = postSolution
		SolutionGuid = {A1482609-DC75-4222-AEAE-72E29C9398D4}
	EndGlobalSection
EndGlobal
