<?xml version="1.0" encoding="utf-8"?>
<Project ToolsVersion="4.0" xmlns="http://schemas.microsoft.com/developer/msbuild/2003">
  <ItemGroup>
    <Filter Include="Source Files">
      <UniqueIdentifier>{4FC737F1-C7A5-4376-A066-2A32D752A2FF}</UniqueIdentifier>
      <Extensions>cpp;c;cc;cxx;def;odl;idl;hpj;bat;asm;asmx</Extensions>
    </Filter>
    <Filter Include="Source Files\Geolocation Discovery">
      <UniqueIdentifier>{5ebe0c01-3a72-46ec-866e-429074a7f096}</UniqueIdentifier>
    </Filter>
    <Filter Include="Source Files\Arguments Handling">
      <UniqueIdentifier>{3f14f949-7532-41d3-b0ce-bb72c070cd39}</UniqueIdentifier>
    </Filter>
  </ItemGroup>
  <ItemGroup>
    <ClInclude Include="include\GeolocRequestor.hpp">
      <Filter>Source Files\Geolocation Discovery</Filter>
    </ClInclude>
    <ClInclude Include="include\IP2Geoloc.hpp">
      <Filter>Source Files\Geolocation Discovery</Filter>
    </ClInclude>
    <ClInclude Include="include\ArgumentParser.hpp">
      <Filter>Source Files\Arguments Handling</Filter>
    </ClInclude>
  </ItemGroup>
  <ItemGroup>
    <ClCompile Include="src\main.cpp">
      <Filter>Source Files</Filter>
    </ClCompile>
  </ItemGroup>
</Project>